
Microsoft Visual Studio Solution File, Format Version 12.00
# Visual Studio Version 17
VisualStudioVersion = 17.0.31717.71
MinimumVisualStudioVersion = 10.0.40219.1
Project("{FAE04EC0-301F-11D3-BF4B-00C04F79EFBC}") = "cfapiSync", "cfapiSync\cfapiSync.csproj", "{B57BE1E4-3F7D-4A95-B6F8-857144695D74}"
EndProject
Project("{FAE04EC0-301F-11D3-BF4B-00C04F79EFBC}") = "CfapiSync GUI", "CfapiSync GUI\CfapiSync GUI.csproj", "{3EA0D29C-377C-47E6-9DF5-D24832F63DED}"
EndProject
Global
	GlobalSection(SolutionConfigurationPlatforms) = preSolution
		Debug|Any CPU = Debug|Any CPU
		Release|Any CPU = Release|Any CPU
	EndGlobalSection
	GlobalSection(ProjectConfigurationPlatforms) = postSolution
		{B57BE1E4-3F7D-4A95-B6F8-857144695D74}.Debug|Any CPU.ActiveCfg = Debug|Any CPU
		{B57BE1E4-3F7D-4A95-B6F8-857144695D74}.Debug|Any CPU.Build.0 = Debug|Any CPU
		{B57BE1E4-3F7D-4A95-B6F8-857144695D74}.Release|Any CPU.ActiveCfg = Release|Any CPU
		{B57BE1E4-3F7D-4A95-B6F8-857144695D74}.Release|Any CPU.Build.0 = Release|Any CPU
		{3EA0D29C-377C-47E6-9DF5-D24832F63DED}.Debug|Any CPU.ActiveCfg = Debug|Any CPU
		{3EA0D29C-377C-47E6-9DF5-D24832F63DED}.Debug|Any CPU.Build.0 = Debug|Any CPU
		{3EA0D29C-377C-47E6-9DF5-D24832F63DED}.Release|Any CPU.ActiveCfg = Release|Any CPU
		{3EA0D29C-377C-47E6-9DF5-D24832F63DED}.Release|Any CPU.Build.0 = Release|Any CPU
	EndGlobalSection
	GlobalSection(SolutionProperties) = preSolution
		HideSolutionNode = FALSE
	EndGlobalSection
	GlobalSection(ExtensibilityGlobals) = postSolution
		SolutionGuid = {87917ED7-1D78-4A72-945D-8A45D6C9A2CB}
	EndGlobalSection
EndGlobal
